
Microsoft Visual Studio Solution File, Format Version 12.00
# Visual Studio Version 17
VisualStudioVersion = 17.6.33829.357
MinimumVisualStudioVersion = 10.0.40219.1
Project("{9A19103F-16F7-4668-BE54-9A1E7A4F7556}") = "QuickWord.OpenXml", "QuickWord.OpenXml\QuickWord.OpenXml.csproj", "{8E51F509-8E3F-4428-B2B9-1345DDC44949}"
EndProject
Project("{9A19103F-16F7-4668-BE54-9A1E7A4F7556}") = "QuickWord.Demo", "QuickWord.Demo\QuickWord.Demo.csproj", "{93E4F76B-58C5-4D73-ACC5-10207FDA754E}"
EndProject
Project("{9A19103F-16F7-4668-BE54-9A1E7A4F7556}") = "QuickWord.Tests", "QuickWord.Tests\QuickWord.Tests.csproj", "{4EA5E43A-6C79-4A07-B5B5-0FEA2D16B80B}"
EndProject
Global
	GlobalSection(SolutionConfigurationPlatforms) = preSolution
		Debug|Any CPU = Debug|Any CPU
		Release|Any CPU = Release|Any CPU
	EndGlobalSection
	GlobalSection(ProjectConfigurationPlatforms) = postSolution
		{8E51F509-8E3F-4428-B2B9-1345DDC44949}.Debug|Any CPU.ActiveCfg = Debug|Any CPU
		{8E51F509-8E3F-4428-B2B9-1345DDC44949}.Debug|Any CPU.Build.0 = Debug|Any CPU
		{8E51F509-8E3F-4428-B2B9-1345DDC44949}.Release|Any CPU.ActiveCfg = Release|Any CPU
		{8E51F509-8E3F-4428-B2B9-1345DDC44949}.Release|Any CPU.Build.0 = Release|Any CPU
		{93E4F76B-58C5-4D73-ACC5-10207FDA754E}.Debug|Any CPU.ActiveCfg = Debug|Any CPU
		{93E4F76B-58C5-4D73-ACC5-10207FDA754E}.Debug|Any CPU.Build.0 = Debug|Any CPU
		{93E4F76B-58C5-4D73-ACC5-10207FDA754E}.Release|Any CPU.ActiveCfg = Release|Any CPU
		{93E4F76B-58C5-4D73-ACC5-10207FDA754E}.Release|Any CPU.Build.0 = Release|Any CPU
		{4EA5E43A-6C79-4A07-B5B5-0FEA2D16B80B}.Debug|Any CPU.ActiveCfg = Debug|Any CPU
		{4EA5E43A-6C79-4A07-B5B5-0FEA2D16B80B}.Debug|Any CPU.Build.0 = Debug|Any CPU
		{4EA5E43A-6C79-4A07-B5B5-0FEA2D16B80B}.Release|Any CPU.ActiveCfg = Release|Any CPU
		{4EA5E43A-6C79-4A07-B5B5-0FEA2D16B80B}.Release|Any CPU.Build.0 = Release|Any CPU
	EndGlobalSection
	GlobalSection(SolutionProperties) = preSolution
		HideSolutionNode = FALSE
	EndGlobalSection
	GlobalSection(ExtensibilityGlobals) = postSolution
		SolutionGuid = {D2124A83-83AC-41C1-AF99-89176087BBCB}
	EndGlobalSection
EndGlobal
